
Microsoft Visual Studio Solution File, Format Version 11.00
# Visual Studio 2010
Project("{FAE04EC0-301F-11D3-BF4B-00C04F79EFBC}") = "App.Admin", "App.Admin\App.Admin.csproj", "{750B2640-9336-4CEE-A428-95C51288DA3A}"
EndProject
Project("{FAE04EC0-301F-11D3-BF4B-00C04F79EFBC}") = "App.BLL", "App.BLL\App.BLL.csproj", "{AB83C9A2-396A-4878-AFED-5D2A241DD39B}"
EndProject
Project("{FAE04EC0-301F-11D3-BF4B-00C04F79EFBC}") = "App.IBLL", "App.IBLL\App.IBLL.csproj", "{57B99716-AACD-49C3-BC15-955B57D35903}"
EndProject
Project("{FAE04EC0-301F-11D3-BF4B-00C04F79EFBC}") = "App.DAL", "App.DAL\App.DAL.csproj", "{3DAB4BBC-EAD2-496B-B1F8-31D77EB85494}"
EndProject
Project("{FAE04EC0-301F-11D3-BF4B-00C04F79EFBC}") = "App.IDAL", "App.IDAL\App.IDAL.csproj", "{A3523931-FF89-4302-8B79-71684FA52608}"
EndProject
Project("{FAE04EC0-301F-11D3-BF4B-00C04F79EFBC}") = "App.Models", "App.Models\App.Models.csproj", "{1F112DA0-6FFA-4CEA-AC4A-5BC1D4C4E2F0}"
EndProject
Project("{FAE04EC0-301F-11D3-BF4B-00C04F79EFBC}") = "App.Common", "App.Common\App.Common.csproj", "{7F4E2577-3784-4EC2-A7E5-806ED59557E7}"
EndProject
Project("{FAE04EC0-301F-11D3-BF4B-00C04F79EFBC}") = "App.Core", "App.Core\App.Core.csproj", "{957B6725-CE6A-47F0-96C3-4E5CD3892FA5}"
EndProject
Project("{FAE04EC0-301F-11D3-BF4B-00C04F79EFBC}") = "App.Lang", "App.Lang\App.Lang.csproj", "{FF614624-371E-4EA4-91EB-41D9C9258926}"
EndProject
Project("{2150E333-8FDC-42A3-9474-1A3956D46DE8}") = "APP.MIS", "APP.MIS", "{13870440-71EF-4591-987B-914421E18FEA}"
EndProject
Project("{FAE04EC0-301F-11D3-BF4B-00C04F79EFBC}") = "APP.MIS.IDAL", "APP.MIS.IDAL\APP.MIS.IDAL.csproj", "{A25D9CB5-D164-4E16-870D-857B65904163}"
EndProject
Project("{FAE04EC0-301F-11D3-BF4B-00C04F79EFBC}") = "APP.MIS.DAL", "APP.MIS.DAL\APP.MIS.DAL.csproj", "{930311FE-20B5-431C-B033-EA9B47819F97}"
EndProject
Project("{FAE04EC0-301F-11D3-BF4B-00C04F79EFBC}") = "APP.MIS.IBLL", "APP.MIS.IBLL\APP.MIS.IBLL.csproj", "{1433F555-8267-4A7B-9D9B-E76A853439E3}"
EndProject
Project("{FAE04EC0-301F-11D3-BF4B-00C04F79EFBC}") = "APP.MIS.BLL", "APP.MIS.BLL\APP.MIS.BLL.csproj", "{7B7F2792-322E-4C3A-B8C1-D771B521D44C}"
EndProject
Global
	GlobalSection(SolutionConfigurationPlatforms) = preSolution
		Debug|Any CPU = Debug|Any CPU
		Release|Any CPU = Release|Any CPU
	EndGlobalSection
	GlobalSection(ProjectConfigurationPlatforms) = postSolution
		{750B2640-9336-4CEE-A428-95C51288DA3A}.Debug|Any CPU.ActiveCfg = Debug|Any CPU
		{750B2640-9336-4CEE-A428-95C51288DA3A}.Debug|Any CPU.Build.0 = Debug|Any CPU
		{750B2640-9336-4CEE-A428-95C51288DA3A}.Release|Any CPU.ActiveCfg = Release|Any CPU
		{750B2640-9336-4CEE-A428-95C51288DA3A}.Release|Any CPU.Build.0 = Release|Any CPU
		{AB83C9A2-396A-4878-AFED-5D2A241DD39B}.Debug|Any CPU.ActiveCfg = Debug|Any CPU
		{AB83C9A2-396A-4878-AFED-5D2A241DD39B}.Debug|Any CPU.Build.0 = Debug|Any CPU
		{AB83C9A2-396A-4878-AFED-5D2A241DD39B}.Release|Any CPU.ActiveCfg = Release|Any CPU
		{AB83C9A2-396A-4878-AFED-5D2A241DD39B}.Release|Any CPU.Build.0 = Release|Any CPU
		{57B99716-AACD-49C3-BC15-955B57D35903}.Debug|Any CPU.ActiveCfg = Debug|Any CPU
		{57B99716-AACD-49C3-BC15-955B57D35903}.Debug|Any CPU.Build.0 = Debug|Any CPU
		{57B99716-AACD-49C3-BC15-955B57D35903}.Release|Any CPU.ActiveCfg = Release|Any CPU
		{57B99716-AACD-49C3-BC15-955B57D35903}.Release|Any CPU.Build.0 = Release|Any CPU
		{3DAB4BBC-EAD2-496B-B1F8-31D77EB85494}.Debug|Any CPU.ActiveCfg = Debug|Any CPU
		{3DAB4BBC-EAD2-496B-B1F8-31D77EB85494}.Debug|Any CPU.Build.0 = Debug|Any CPU
		{3DAB4BBC-EAD2-496B-B1F8-31D77EB85494}.Release|Any CPU.ActiveCfg = Release|Any CPU
		{3DAB4BBC-EAD2-496B-B1F8-31D77EB85494}.Release|Any CPU.Build.0 = Release|Any CPU
		{A3523931-FF89-4302-8B79-71684FA52608}.Debug|Any CPU.ActiveCfg = Debug|Any CPU
		{A3523931-FF89-4302-8B79-71684FA52608}.Debug|Any CPU.Build.0 = Debug|Any CPU
		{A3523931-FF89-4302-8B79-71684FA52608}.Release|Any CPU.ActiveCfg = Release|Any CPU
		{A3523931-FF89-4302-8B79-71684FA52608}.Release|Any CPU.Build.0 = Release|Any CPU
		{1F112DA0-6FFA-4CEA-AC4A-5BC1D4C4E2F0}.Debug|Any CPU.ActiveCfg = Debug|Any CPU
		{1F112DA0-6FFA-4CEA-AC4A-5BC1D4C4E2F0}.Debug|Any CPU.Build.0 = Debug|Any CPU
		{1F112DA0-6FFA-4CEA-AC4A-5BC1D4C4E2F0}.Release|Any CPU.ActiveCfg = Release|Any CPU
		{1F112DA0-6FFA-4CEA-AC4A-5BC1D4C4E2F0}.Release|Any CPU.Build.0 = Release|Any CPU
		{7F4E2577-3784-4EC2-A7E5-806ED59557E7}.Debug|Any CPU.ActiveCfg = Debug|Any CPU
		{7F4E2577-3784-4EC2-A7E5-806ED59557E7}.Debug|Any CPU.Build.0 = Debug|Any CPU
		{7F4E2577-3784-4EC2-A7E5-806ED59557E7}.Release|Any CPU.ActiveCfg = Release|Any CPU
		{7F4E2577-3784-4EC2-A7E5-806ED59557E7}.Release|Any CPU.Build.0 = Release|Any CPU
		{957B6725-CE6A-47F0-96C3-4E5CD3892FA5}.Debug|Any CPU.ActiveCfg = Debug|Any CPU
		{957B6725-CE6A-47F0-96C3-4E5CD3892FA5}.Debug|Any CPU.Build.0 = Debug|Any CPU
		{957B6725-CE6A-47F0-96C3-4E5CD3892FA5}.Release|Any CPU.ActiveCfg = Release|Any CPU
		{957B6725-CE6A-47F0-96C3-4E5CD3892FA5}.Release|Any CPU.Build.0 = Release|Any CPU
		{FF614624-371E-4EA4-91EB-41D9C9258926}.Debug|Any CPU.ActiveCfg = Debug|Any CPU
		{FF614624-371E-4EA4-91EB-41D9C9258926}.Debug|Any CPU.Build.0 = Debug|Any CPU
		{FF614624-371E-4EA4-91EB-41D9C9258926}.Release|Any CPU.ActiveCfg = Release|Any CPU
		{FF614624-371E-4EA4-91EB-41D9C9258926}.Release|Any CPU.Build.0 = Release|Any CPU
		{A25D9CB5-D164-4E16-870D-857B65904163}.Debug|Any CPU.ActiveCfg = Debug|Any CPU
		{A25D9CB5-D164-4E16-870D-857B65904163}.Debug|Any CPU.Build.0 = Debug|Any CPU
		{A25D9CB5-D164-4E16-870D-857B65904163}.Release|Any CPU.ActiveCfg = Release|Any CPU
		{A25D9CB5-D164-4E16-870D-857B65904163}.Release|Any CPU.Build.0 = Release|Any CPU
		{930311FE-20B5-431C-B033-EA9B47819F97}.Debug|Any CPU.ActiveCfg = Debug|Any CPU
		{930311FE-20B5-431C-B033-EA9B47819F97}.Debug|Any CPU.Build.0 = Debug|Any CPU
		{930311FE-20B5-431C-B033-EA9B47819F97}.Release|Any CPU.ActiveCfg = Release|Any CPU
		{930311FE-20B5-431C-B033-EA9B47819F97}.Release|Any CPU.Build.0 = Release|Any CPU
		{1433F555-8267-4A7B-9D9B-E76A853439E3}.Debug|Any CPU.ActiveCfg = Debug|Any CPU
		{1433F555-8267-4A7B-9D9B-E76A853439E3}.Debug|Any CPU.Build.0 = Debug|Any CPU
		{1433F555-8267-4A7B-9D9B-E76A853439E3}.Release|Any CPU.ActiveCfg = Release|Any CPU
		{1433F555-8267-4A7B-9D9B-E76A853439E3}.Release|Any CPU.Build.0 = Release|Any CPU
		{7B7F2792-322E-4C3A-B8C1-D771B521D44C}.Debug|Any CPU.ActiveCfg = Debug|Any CPU
		{7B7F2792-322E-4C3A-B8C1-D771B521D44C}.Debug|Any CPU.Build.0 = Debug|Any CPU
		{7B7F2792-322E-4C3A-B8C1-D771B521D44C}.Release|Any CPU.ActiveCfg = Release|Any CPU
		{7B7F2792-322E-4C3A-B8C1-D771B521D44C}.Release|Any CPU.Build.0 = Release|Any CPU
	EndGlobalSection
	GlobalSection(SolutionProperties) = preSolution
		HideSolutionNode = FALSE
	EndGlobalSection
	GlobalSection(NestedProjects) = preSolution
		{A25D9CB5-D164-4E16-870D-857B65904163} = {13870440-71EF-4591-987B-914421E18FEA}
		{930311FE-20B5-431C-B033-EA9B47819F97} = {13870440-71EF-4591-987B-914421E18FEA}
		{1433F555-8267-4A7B-9D9B-E76A853439E3} = {13870440-71EF-4591-987B-914421E18FEA}
		{7B7F2792-322E-4C3A-B8C1-D771B521D44C} = {13870440-71EF-4591-987B-914421E18FEA}
	EndGlobalSection
EndGlobal
